
Microsoft Visual Studio Solution File, Format Version 12.00
# Visual Studio Version 16
VisualStudioVersion = 16.0.31702.278
MinimumVisualStudioVersion = 10.0.40219.1
Project("{FAE04EC0-301F-11D3-BF4B-00C04F79EFBC}") = "DPR", "DPR\DPR.csproj", "{E572255E-2810-4869-8341-E4A87A74E9F7}"
EndProject
Global
	GlobalSection(SolutionConfigurationPlatforms) = preSolution
		Debug|Any CPU = Debug|Any CPU
		Release|Any CPU = Release|Any CPU
	EndGlobalSection
	GlobalSection(ProjectConfigurationPlatforms) = postSolution
		{E572255E-2810-4869-8341-E4A87A74E9F7}.Debug|Any CPU.ActiveCfg = Debug|Any CPU
		{E572255E-2810-4869-8341-E4A87A74E9F7}.Debug|Any CPU.Build.0 = Debug|Any CPU
		{E572255E-2810-4869-8341-E4A87A74E9F7}.Release|Any CPU.ActiveCfg = Release|Any CPU
		{E572255E-2810-4869-8341-E4A87A74E9F7}.Release|Any CPU.Build.0 = Release|Any CPU
	EndGlobalSection
	GlobalSection(SolutionProperties) = preSolution
		HideSolutionNode = FALSE
	EndGlobalSection
	GlobalSection(ExtensibilityGlobals) = postSolution
		SolutionGuid = {73AE5630-3BF3-419E-B735-A25395360586}
	EndGlobalSection
EndGlobal
